
Microsoft Visual Studio Solution File, Format Version 12.00
# Visual Studio Version 17
VisualStudioVersion = 17.0.32112.339
MinimumVisualStudioVersion = 10.0.40219.1
Project("{9A19103F-16F7-4668-BE54-9A1E7A4F7556}") = "Projeto", "ConsoleApp1\Projeto.csproj", "{56028380-09BE-4EBD-B5B6-B4935827360D}"
EndProject
Global
	GlobalSection(SolutionConfigurationPlatforms) = preSolution
		Debug|Any CPU = Debug|Any CPU
		Release|Any CPU = Release|Any CPU
	EndGlobalSection
	GlobalSection(ProjectConfigurationPlatforms) = postSolution
		{56028380-09BE-4EBD-B5B6-B4935827360D}.Debug|Any CPU.ActiveCfg = Debug|Any CPU
		{56028380-09BE-4EBD-B5B6-B4935827360D}.Debug|Any CPU.Build.0 = Debug|Any CPU
		{56028380-09BE-4EBD-B5B6-B4935827360D}.Release|Any CPU.ActiveCfg = Release|Any CPU
		{56028380-09BE-4EBD-B5B6-B4935827360D}.Release|Any CPU.Build.0 = Release|Any CPU
	EndGlobalSection
	GlobalSection(SolutionProperties) = preSolution
		HideSolutionNode = FALSE
	EndGlobalSection
	GlobalSection(ExtensibilityGlobals) = postSolution
		SolutionGuid = {7A6D9F20-8098-42E0-BAEB-AD9EE2C1A813}
	EndGlobalSection
EndGlobal
